
Microsoft Visual Studio Solution File, Format Version 12.00
# Visual Studio Version 16
VisualStudioVersion = 16.0.29926.136
MinimumVisualStudioVersion = 10.0.40219.1
Project("{9A19103F-16F7-4668-BE54-9A1E7A4F7556}") = "WaterCloud.Web", "WaterCloud.Web\WaterCloud.Web.csproj", "{FE158A99-8B94-4F95-9DAA-AC14B7738BB7}"
EndProject
Project("{9A19103F-16F7-4668-BE54-9A1E7A4F7556}") = "WaterCloud.Code", "WaterCloud.Code\WaterCloud.Code.csproj", "{2F494D2F-8687-46B6-A6D3-C183B7E1B3EB}"
EndProject
Project("{2150E333-8FDC-42A3-9474-1A3956D46DE8}") = "01 Common基础工具", "01 Common基础工具", "{DB605620-7CB6-4064-B509-C55CDEA50025}"
EndProject
Project("{9A19103F-16F7-4668-BE54-9A1E7A4F7556}") = "WaterCloud.DataBase", "WaterCloud.Data\WaterCloud.DataBase.csproj", "{586E88DF-7EFA-4281-9371-EA45B877C9A4}"
EndProject
Project("{2150E333-8FDC-42A3-9474-1A3956D46DE8}") = "02 Domain基础数据", "02 Domain基础数据", "{EFA98BE7-DCF3-475E-8783-B56ECFF68DD3}"
EndProject
Project("{9A19103F-16F7-4668-BE54-9A1E7A4F7556}") = "WaterCloud.Domain", "WaterCloud.Domain\WaterCloud.Domain.csproj", "{40732569-0516-4E72-9475-06A217998944}"
EndProject
Project("{9A19103F-16F7-4668-BE54-9A1E7A4F7556}") = "WaterCloud.Repository", "WaterCloud.Repository\WaterCloud.Repository.csproj", "{AC2C1508-83BD-447D-A1E7-4F5409156C26}"
EndProject
Project("{2150E333-8FDC-42A3-9474-1A3956D46DE8}") = "03 Application应用服务", "03 Application应用服务", "{DB3B0F56-4245-4ACA-81C2-C67F2A28DFD3}"
EndProject
Project("{2150E333-8FDC-42A3-9474-1A3956D46DE8}") = "04 Web 应用程序", "04 Web 应用程序", "{C62E4ABA-29D7-4A0C-BDAA-D4EAB43859C1}"
EndProject
Project("{9A19103F-16F7-4668-BE54-9A1E7A4F7556}") = "WaterCloud.CodeGenerator", "WaterCloud.CodeGenerator\WaterCloud.CodeGenerator.csproj", "{25C1E690-0B45-4994-87C0-F1997F4227A6}"
EndProject
Project("{9A19103F-16F7-4668-BE54-9A1E7A4F7556}") = "WaterCloud.Service", "WaterCloud.Service\WaterCloud.Service.csproj", "{55C15DA5-2666-4EE2-81F4-244AAC5D2691}"
EndProject
Project("{FAE04EC0-301F-11D3-BF4B-00C04F79EFBC}") = "WaterCloud.WebApi", "WaterCloud.WebApi\WaterCloud.WebApi.csproj", "{59375491-D3CF-4963-B36C-7598CAF8C5F9}"
EndProject
Global
	GlobalSection(SolutionConfigurationPlatforms) = preSolution
		Debug|Any CPU = Debug|Any CPU
		Release|Any CPU = Release|Any CPU
	EndGlobalSection
	GlobalSection(ProjectConfigurationPlatforms) = postSolution
		{FE158A99-8B94-4F95-9DAA-AC14B7738BB7}.Debug|Any CPU.ActiveCfg = Debug|Any CPU
		{FE158A99-8B94-4F95-9DAA-AC14B7738BB7}.Debug|Any CPU.Build.0 = Debug|Any CPU
		{FE158A99-8B94-4F95-9DAA-AC14B7738BB7}.Release|Any CPU.ActiveCfg = Release|Any CPU
		{FE158A99-8B94-4F95-9DAA-AC14B7738BB7}.Release|Any CPU.Build.0 = Release|Any CPU
		{2F494D2F-8687-46B6-A6D3-C183B7E1B3EB}.Debug|Any CPU.ActiveCfg = Debug|Any CPU
		{2F494D2F-8687-46B6-A6D3-C183B7E1B3EB}.Debug|Any CPU.Build.0 = Debug|Any CPU
		{2F494D2F-8687-46B6-A6D3-C183B7E1B3EB}.Release|Any CPU.ActiveCfg = Release|Any CPU
		{2F494D2F-8687-46B6-A6D3-C183B7E1B3EB}.Release|Any CPU.Build.0 = Release|Any CPU
		{586E88DF-7EFA-4281-9371-EA45B877C9A4}.Debug|Any CPU.ActiveCfg = Debug|Any CPU
		{586E88DF-7EFA-4281-9371-EA45B877C9A4}.Debug|Any CPU.Build.0 = Debug|Any CPU
		{586E88DF-7EFA-4281-9371-EA45B877C9A4}.Release|Any CPU.ActiveCfg = Release|Any CPU
		{586E88DF-7EFA-4281-9371-EA45B877C9A4}.Release|Any CPU.Build.0 = Release|Any CPU
		{40732569-0516-4E72-9475-06A217998944}.Debug|Any CPU.ActiveCfg = Debug|Any CPU
		{40732569-0516-4E72-9475-06A217998944}.Debug|Any CPU.Build.0 = Debug|Any CPU
		{40732569-0516-4E72-9475-06A217998944}.Release|Any CPU.ActiveCfg = Release|Any CPU
		{40732569-0516-4E72-9475-06A217998944}.Release|Any CPU.Build.0 = Release|Any CPU
		{AC2C1508-83BD-447D-A1E7-4F5409156C26}.Debug|Any CPU.ActiveCfg = Debug|Any CPU
		{AC2C1508-83BD-447D-A1E7-4F5409156C26}.Debug|Any CPU.Build.0 = Debug|Any CPU
		{AC2C1508-83BD-447D-A1E7-4F5409156C26}.Release|Any CPU.ActiveCfg = Release|Any CPU
		{AC2C1508-83BD-447D-A1E7-4F5409156C26}.Release|Any CPU.Build.0 = Release|Any CPU
		{25C1E690-0B45-4994-87C0-F1997F4227A6}.Debug|Any CPU.ActiveCfg = Debug|Any CPU
		{25C1E690-0B45-4994-87C0-F1997F4227A6}.Debug|Any CPU.Build.0 = Debug|Any CPU
		{25C1E690-0B45-4994-87C0-F1997F4227A6}.Release|Any CPU.ActiveCfg = Release|Any CPU
		{25C1E690-0B45-4994-87C0-F1997F4227A6}.Release|Any CPU.Build.0 = Release|Any CPU
		{55C15DA5-2666-4EE2-81F4-244AAC5D2691}.Debug|Any CPU.ActiveCfg = Debug|Any CPU
		{55C15DA5-2666-4EE2-81F4-244AAC5D2691}.Debug|Any CPU.Build.0 = Debug|Any CPU
		{55C15DA5-2666-4EE2-81F4-244AAC5D2691}.Release|Any CPU.ActiveCfg = Release|Any CPU
		{55C15DA5-2666-4EE2-81F4-244AAC5D2691}.Release|Any CPU.Build.0 = Release|Any CPU
		{59375491-D3CF-4963-B36C-7598CAF8C5F9}.Debug|Any CPU.ActiveCfg = Debug|Any CPU
		{59375491-D3CF-4963-B36C-7598CAF8C5F9}.Debug|Any CPU.Build.0 = Debug|Any CPU
		{59375491-D3CF-4963-B36C-7598CAF8C5F9}.Release|Any CPU.ActiveCfg = Release|Any CPU
		{59375491-D3CF-4963-B36C-7598CAF8C5F9}.Release|Any CPU.Build.0 = Release|Any CPU
	EndGlobalSection
	GlobalSection(SolutionProperties) = preSolution
		HideSolutionNode = FALSE
	EndGlobalSection
	GlobalSection(NestedProjects) = preSolution
		{FE158A99-8B94-4F95-9DAA-AC14B7738BB7} = {C62E4ABA-29D7-4A0C-BDAA-D4EAB43859C1}
		{2F494D2F-8687-46B6-A6D3-C183B7E1B3EB} = {DB605620-7CB6-4064-B509-C55CDEA50025}
		{586E88DF-7EFA-4281-9371-EA45B877C9A4} = {DB605620-7CB6-4064-B509-C55CDEA50025}
		{40732569-0516-4E72-9475-06A217998944} = {EFA98BE7-DCF3-475E-8783-B56ECFF68DD3}
		{AC2C1508-83BD-447D-A1E7-4F5409156C26} = {EFA98BE7-DCF3-475E-8783-B56ECFF68DD3}
		{25C1E690-0B45-4994-87C0-F1997F4227A6} = {DB605620-7CB6-4064-B509-C55CDEA50025}
		{55C15DA5-2666-4EE2-81F4-244AAC5D2691} = {DB3B0F56-4245-4ACA-81C2-C67F2A28DFD3}
		{59375491-D3CF-4963-B36C-7598CAF8C5F9} = {C62E4ABA-29D7-4A0C-BDAA-D4EAB43859C1}
	EndGlobalSection
	GlobalSection(ExtensibilityGlobals) = postSolution
		SolutionGuid = {30EA3764-674F-48E9-908A-3B962BD30291}
	EndGlobalSection
EndGlobal
