
Microsoft Visual Studio Solution File, Format Version 12.00
# Visual Studio Version 17
VisualStudioVersion = 17.0.32112.339
MinimumVisualStudioVersion = 10.0.40219.1
Project("{9A19103F-16F7-4668-BE54-9A1E7A4F7556}") = "WaterCloud.Web", "WaterCloud.Web\WaterCloud.Web.csproj", "{FE158A99-8B94-4F95-9DAA-AC14B7738BB7}"
EndProject
Project("{9A19103F-16F7-4668-BE54-9A1E7A4F7556}") = "WaterCloud.Code", "WaterCloud.Code\WaterCloud.Code.csproj", "{2F494D2F-8687-46B6-A6D3-C183B7E1B3EB}"
EndProject
Project("{9A19103F-16F7-4668-BE54-9A1E7A4F7556}") = "WaterCloud.DataBase", "WaterCloud.Data\WaterCloud.DataBase.csproj", "{586E88DF-7EFA-4281-9371-EA45B877C9A4}"
EndProject
Project("{9A19103F-16F7-4668-BE54-9A1E7A4F7556}") = "WaterCloud.Domain", "WaterCloud.Domain\WaterCloud.Domain.csproj", "{40732569-0516-4E72-9475-06A217998944}"
EndProject
Project("{9A19103F-16F7-4668-BE54-9A1E7A4F7556}") = "WaterCloud.CodeGenerator", "WaterCloud.CodeGenerator\WaterCloud.CodeGenerator.csproj", "{25C1E690-0B45-4994-87C0-F1997F4227A6}"
EndProject
Project("{9A19103F-16F7-4668-BE54-9A1E7A4F7556}") = "WaterCloud.Service", "WaterCloud.Service\WaterCloud.Service.csproj", "{55C15DA5-2666-4EE2-81F4-244AAC5D2691}"
EndProject
Global
	GlobalSection(SolutionConfigurationPlatforms) = preSolution
		Debug|Any CPU = Debug|Any CPU
		Release|Any CPU = Release|Any CPU
	EndGlobalSection
	GlobalSection(ProjectConfigurationPlatforms) = postSolution
		{FE158A99-8B94-4F95-9DAA-AC14B7738BB7}.Debug|Any CPU.ActiveCfg = Debug|Any CPU
		{FE158A99-8B94-4F95-9DAA-AC14B7738BB7}.Debug|Any CPU.Build.0 = Debug|Any CPU
		{FE158A99-8B94-4F95-9DAA-AC14B7738BB7}.Release|Any CPU.ActiveCfg = Release|Any CPU
		{FE158A99-8B94-4F95-9DAA-AC14B7738BB7}.Release|Any CPU.Build.0 = Release|Any CPU
		{2F494D2F-8687-46B6-A6D3-C183B7E1B3EB}.Debug|Any CPU.ActiveCfg = Debug|Any CPU
		{2F494D2F-8687-46B6-A6D3-C183B7E1B3EB}.Debug|Any CPU.Build.0 = Debug|Any CPU
		{2F494D2F-8687-46B6-A6D3-C183B7E1B3EB}.Release|Any CPU.ActiveCfg = Release|Any CPU
		{2F494D2F-8687-46B6-A6D3-C183B7E1B3EB}.Release|Any CPU.Build.0 = Release|Any CPU
		{586E88DF-7EFA-4281-9371-EA45B877C9A4}.Debug|Any CPU.ActiveCfg = Debug|Any CPU
		{586E88DF-7EFA-4281-9371-EA45B877C9A4}.Debug|Any CPU.Build.0 = Debug|Any CPU
		{586E88DF-7EFA-4281-9371-EA45B877C9A4}.Release|Any CPU.ActiveCfg = Release|Any CPU
		{586E88DF-7EFA-4281-9371-EA45B877C9A4}.Release|Any CPU.Build.0 = Release|Any CPU
		{40732569-0516-4E72-9475-06A217998944}.Debug|Any CPU.ActiveCfg = Debug|Any CPU
		{40732569-0516-4E72-9475-06A217998944}.Debug|Any CPU.Build.0 = Debug|Any CPU
		{40732569-0516-4E72-9475-06A217998944}.Release|Any CPU.ActiveCfg = Release|Any CPU
		{40732569-0516-4E72-9475-06A217998944}.Release|Any CPU.Build.0 = Release|Any CPU
		{25C1E690-0B45-4994-87C0-F1997F4227A6}.Debug|Any CPU.ActiveCfg = Debug|Any CPU
		{25C1E690-0B45-4994-87C0-F1997F4227A6}.Debug|Any CPU.Build.0 = Debug|Any CPU
		{25C1E690-0B45-4994-87C0-F1997F4227A6}.Release|Any CPU.ActiveCfg = Release|Any CPU
		{25C1E690-0B45-4994-87C0-F1997F4227A6}.Release|Any CPU.Build.0 = Release|Any CPU
		{55C15DA5-2666-4EE2-81F4-244AAC5D2691}.Debug|Any CPU.ActiveCfg = Debug|Any CPU
		{55C15DA5-2666-4EE2-81F4-244AAC5D2691}.Debug|Any CPU.Build.0 = Debug|Any CPU
		{55C15DA5-2666-4EE2-81F4-244AAC5D2691}.Release|Any CPU.ActiveCfg = Release|Any CPU
		{55C15DA5-2666-4EE2-81F4-244AAC5D2691}.Release|Any CPU.Build.0 = Release|Any CPU
	EndGlobalSection
	GlobalSection(SolutionProperties) = preSolution
		HideSolutionNode = FALSE
	EndGlobalSection
	GlobalSection(ExtensibilityGlobals) = postSolution
		SolutionGuid = {30EA3764-674F-48E9-908A-3B962BD30291}
	EndGlobalSection
EndGlobal
